github.com/nunocoracao/blowfish/v2 v2.27.0 h1:j8RnG/PYfnUJ/UL1SDzDcsbIgtv7s2VkyPIVHaxWQuU=
github.com/nunocoracao/blowfish/v2 v2.27.0/go.mod h1:4SkMc+Ht8gpQCwArqiHMBDP3soxi2OWuAhVney+cuyk=
github.com/nunocoracao/blowfish/v2 v2.27.2 h1:8xro0LkcKMzIz8zjah9iQKFChHrLQmDhXZFGOiT6LD4=
github.com/nunocoracao/blowfish/v2 v2.27.2/go.mod h1:4SkMc+Ht8gpQCwArqiHMBDP3soxi2OWuAhVney+cuyk=
github.com/nunocoracao/blowfish/v2 v2.28.0 h1:zCSIyD9BzJHV4sRlGClw7PIiEAUynwk77U587VaLe4Q=
github.com/nunocoracao/blowfish/v2 v2.28.0/go.mod h1:4SkMc+Ht8gpQCwArqiHMBDP3soxi2OWuAhVney+cuyk=
